
Microsoft Visual Studio Solution File, Format Version 12.00
# Visual Studio Version 17
VisualStudioVersion = 17.0.31903.59
MinimumVisualStudioVersion = 10.0.40219.1
Project("{9A19103F-16F7-4668-BE54-9A1E7A4F7556}") = "SpanAcademy.SpanLibrary.API", "src\SpanAcademy.SpanLibrary.API\SpanAcademy.SpanLibrary.API.csproj", "{9D41E0FB-2E4D-43F8-92DF-2D557FCC94FA}"
EndProject
Project("{FAE04EC0-301F-11D3-BF4B-00C04F79EFBC}") = "SpanAcademy.SpanLibrary.Application", "src\SpanAcademy.SpanLibrary.Application\SpanAcademy.SpanLibrary.Application.csproj", "{D3E98B29-5ADA-4BA6-861E-8A9A0EA48D2D}"
EndProject
Project("{FAE04EC0-301F-11D3-BF4B-00C04F79EFBC}") = "SpanAcademy.SpanLibrary.Domain", "src\SpanAcademy.SpanLibrary.Domain\SpanAcademy.SpanLibrary.Domain.csproj", "{F0E6940B-C304-466E-AE0E-41381D55BCF9}"
EndProject
Global
	GlobalSection(SolutionConfigurationPlatforms) = preSolution
		Debug|Any CPU = Debug|Any CPU
		Release|Any CPU = Release|Any CPU
	EndGlobalSection
	GlobalSection(ProjectConfigurationPlatforms) = postSolution
		{9D41E0FB-2E4D-43F8-92DF-2D557FCC94FA}.Debug|Any CPU.ActiveCfg = Debug|Any CPU
		{9D41E0FB-2E4D-43F8-92DF-2D557FCC94FA}.Debug|Any CPU.Build.0 = Debug|Any CPU
		{9D41E0FB-2E4D-43F8-92DF-2D557FCC94FA}.Release|Any CPU.ActiveCfg = Release|Any CPU
		{9D41E0FB-2E4D-43F8-92DF-2D557FCC94FA}.Release|Any CPU.Build.0 = Release|Any CPU
		{D3E98B29-5ADA-4BA6-861E-8A9A0EA48D2D}.Debug|Any CPU.ActiveCfg = Debug|Any CPU
		{D3E98B29-5ADA-4BA6-861E-8A9A0EA48D2D}.Debug|Any CPU.Build.0 = Debug|Any CPU
		{D3E98B29-5ADA-4BA6-861E-8A9A0EA48D2D}.Release|Any CPU.ActiveCfg = Release|Any CPU
		{D3E98B29-5ADA-4BA6-861E-8A9A0EA48D2D}.Release|Any CPU.Build.0 = Release|Any CPU
		{F0E6940B-C304-466E-AE0E-41381D55BCF9}.Debug|Any CPU.ActiveCfg = Debug|Any CPU
		{F0E6940B-C304-466E-AE0E-41381D55BCF9}.Debug|Any CPU.Build.0 = Debug|Any CPU
		{F0E6940B-C304-466E-AE0E-41381D55BCF9}.Release|Any CPU.ActiveCfg = Release|Any CPU
		{F0E6940B-C304-466E-AE0E-41381D55BCF9}.Release|Any CPU.Build.0 = Release|Any CPU
	EndGlobalSection
	GlobalSection(SolutionProperties) = preSolution
		HideSolutionNode = FALSE
	EndGlobalSection
	GlobalSection(ExtensibilityGlobals) = postSolution
		SolutionGuid = {94AEC01A-96D2-4234-99C7-583FCB7E597B}
	EndGlobalSection
EndGlobal
